{
  "version": 4,
  "terraform_version": "0.12.8",
  "serial": 12,
  "lineage": "e653c92f-f91e-ddf7-ab29-78bbe7dcf3f5",
  "outputs": {
    "external_ip_address_node": {
      "value": [
        "84.201.158.70",
        "84.201.175.92",
        "84.252.129.241"
      ],
      "type": [
        "set",
        "string"
      ]
    }
  },
  "resources": [
    {
      "module": "module.node",
      "mode": "managed",
      "type": "yandex_compute_instance",
      "name": "node",
      "each": "list",
      "provider": "provider.yandex",
      "instances": [
        {
          "index_key": 0,
          "schema_version": 1,
          "attributes": {
            "allow_stopping_for_update": null,
            "boot_disk": [
              {
                "auto_delete": true,
                "device_name": "fhmgu80hfcak418v3g5d",
                "disk_id": "fhmgu80hfcak418v3g5d",
                "initialize_params": [
                  {
                    "description": "",
                    "image_id": "fd8ta1u3fg29kjc7vjfm",
                    "name": "",
                    "size": 40,
                    "snapshot_id": "",
                    "type": "network-ssd"
                  }
                ],
                "mode": "READ_WRITE"
              }
            ],
            "created_at": "2021-07-05T19:16:34Z",
            "description": "",
            "folder_id": "b1gk3tej11gvdbgqdphj",
            "fqdn": "fhmc1fj3cpno0hdicqh0.auto.internal",
            "hostname": "fhmc1fj3cpno0hdicqh0",
            "id": "fhmc1fj3cpno0hdicqh0",
            "labels": {
              "tags": "node-0"
            },
            "metadata": {
              "ssh-keys": "ubuntu:ssh-rsa AAAAB3NzaC1yc2EAAAADAQABAAABgQDHAoTCGQC5bH1ckNeFQrUs9ZJR1w4XkvhULm8YVEIFVG4Ek/F2SRj9P3Wxa1hcodc9i1aExZ2tTkEQGMlPxLqarqPJPVCKLZa1Ntc7sIQ5YULxoe4LXufpGgu8vKZEc1LAipnao9YnCcSq1vsQfFRyvcmE/ASuDlCI6Y2n0EAqQGRLsNJSMwXE5ibmu0M4fH3WUeUnorqpZh5S/u7FHv/o9DcsJKwBSdfcczvmcqCAdIVWKTz1f6Of6Kcma/Vri+lj8pyTFavIael619eUs3W4GFThhDbkECEzN6Xf94Se/wSTYLdiTX9PrI6DzWwSyEb/+8W7y3rCJ9pvCaO7aPILjnWkYaiXX68egdfnlloRQq3GwMcOtuAFswKUkl4FY+PKUu4SpAOgzR6VadSPXdDRu2ihWOSTK7T+8XKi69+uYcA9WdsAfxCITlw69y1pYT0nXwAsdloQ6qlaguhp1XwPiTQbITiYlY2O2kzBfgdUjaLeZwTzONiJDWd53AiOySU= appuser\n"
            },
            "name": "node-0",
            "network_acceleration_type": "standard",
            "network_interface": [
              {
                "index": 0,
                "ip_address": "10.128.0.28",
                "ipv4": true,
                "ipv6": false,
                "ipv6_address": "",
                "mac_address": "d0:0d:c0:be:63:66",
                "nat": true,
                "nat_ip_address": "84.252.129.241",
                "nat_ip_version": "IPV4",
                "security_group_ids": [],
                "subnet_id": "e9bfm3n7gsurqahr8cv9"
              }
            ],
            "placement_policy": [
              {
                "placement_group_id": ""
              }
            ],
            "platform_id": "standard-v1",
            "resources": [
              {
                "core_fraction": 5,
                "cores": 4,
                "gpus": 0,
                "memory": 4
              }
            ],
            "scheduling_policy": [
              {
                "preemptible": false
              }
            ],
            "secondary_disk": [],
            "service_account_id": "",
            "status": "running",
            "timeouts": null,
            "zone": "ru-central1-a"
          },
          "private": "eyJlMmJmYjczMC1lY2FhLTExZTYtOGY4OC0zNDM2M2JjN2M0YzAiOnsiY3JlYXRlIjozMDAwMDAwMDAwMDAsImRlbGV0ZSI6MzAwMDAwMDAwMDAwLCJ1cGRhdGUiOjMwMDAwMDAwMDAwMH0sInNjaGVtYV92ZXJzaW9uIjoiMSJ9"
        },
        {
          "index_key": 1,
          "schema_version": 1,
          "attributes": {
            "allow_stopping_for_update": null,
            "boot_disk": [
              {
                "auto_delete": true,
                "device_name": "fhmh12gu9etfvo0er45v",
                "disk_id": "fhmh12gu9etfvo0er45v",
                "initialize_params": [
                  {
                    "description": "",
                    "image_id": "fd8ta1u3fg29kjc7vjfm",
                    "name": "",
                    "size": 40,
                    "snapshot_id": "",
                    "type": "network-ssd"
                  }
                ],
                "mode": "READ_WRITE"
              }
            ],
            "created_at": "2021-07-05T19:16:34Z",
            "description": "",
            "folder_id": "b1gk3tej11gvdbgqdphj",
            "fqdn": "fhmm7q1dbj2nl9vik0g9.auto.internal",
            "hostname": "fhmm7q1dbj2nl9vik0g9",
            "id": "fhmm7q1dbj2nl9vik0g9",
            "labels": {
              "tags": "node-1"
            },
            "metadata": {
              "ssh-keys": "ubuntu:ssh-rsa AAAAB3NzaC1yc2EAAAADAQABAAABgQDHAoTCGQC5bH1ckNeFQrUs9ZJR1w4XkvhULm8YVEIFVG4Ek/F2SRj9P3Wxa1hcodc9i1aExZ2tTkEQGMlPxLqarqPJPVCKLZa1Ntc7sIQ5YULxoe4LXufpGgu8vKZEc1LAipnao9YnCcSq1vsQfFRyvcmE/ASuDlCI6Y2n0EAqQGRLsNJSMwXE5ibmu0M4fH3WUeUnorqpZh5S/u7FHv/o9DcsJKwBSdfcczvmcqCAdIVWKTz1f6Of6Kcma/Vri+lj8pyTFavIael619eUs3W4GFThhDbkECEzN6Xf94Se/wSTYLdiTX9PrI6DzWwSyEb/+8W7y3rCJ9pvCaO7aPILjnWkYaiXX68egdfnlloRQq3GwMcOtuAFswKUkl4FY+PKUu4SpAOgzR6VadSPXdDRu2ihWOSTK7T+8XKi69+uYcA9WdsAfxCITlw69y1pYT0nXwAsdloQ6qlaguhp1XwPiTQbITiYlY2O2kzBfgdUjaLeZwTzONiJDWd53AiOySU= appuser\n"
            },
            "name": "node-1",
            "network_acceleration_type": "standard",
            "network_interface": [
              {
                "index": 0,
                "ip_address": "10.128.0.8",
                "ipv4": true,
                "ipv6": false,
                "ipv6_address": "",
                "mac_address": "d0:0d:16:3e:82:d5",
                "nat": true,
                "nat_ip_address": "84.201.175.92",
                "nat_ip_version": "IPV4",
                "security_group_ids": [],
                "subnet_id": "e9bfm3n7gsurqahr8cv9"
              }
            ],
            "placement_policy": [
              {
                "placement_group_id": ""
              }
            ],
            "platform_id": "standard-v1",
            "resources": [
              {
                "core_fraction": 5,
                "cores": 4,
                "gpus": 0,
                "memory": 4
              }
            ],
            "scheduling_policy": [
              {
                "preemptible": false
              }
            ],
            "secondary_disk": [],
            "service_account_id": "",
            "status": "running",
            "timeouts": null,
            "zone": "ru-central1-a"
          },
          "private": "eyJlMmJmYjczMC1lY2FhLTExZTYtOGY4OC0zNDM2M2JjN2M0YzAiOnsiY3JlYXRlIjozMDAwMDAwMDAwMDAsImRlbGV0ZSI6MzAwMDAwMDAwMDAwLCJ1cGRhdGUiOjMwMDAwMDAwMDAwMH0sInNjaGVtYV92ZXJzaW9uIjoiMSJ9"
        },
        {
          "index_key": 2,
          "schema_version": 1,
          "attributes": {
            "allow_stopping_for_update": null,
            "boot_disk": [
              {
                "auto_delete": true,
                "device_name": "fhmrh2fb3svpqoh2ishr",
                "disk_id": "fhmrh2fb3svpqoh2ishr",
                "initialize_params": [
                  {
                    "description": "",
                    "image_id": "fd8ta1u3fg29kjc7vjfm",
                    "name": "",
                    "size": 40,
                    "snapshot_id": "",
                    "type": "network-ssd"
                  }
                ],
                "mode": "READ_WRITE"
              }
            ],
            "created_at": "2021-07-05T19:16:34Z",
            "description": "",
            "folder_id": "b1gk3tej11gvdbgqdphj",
            "fqdn": "fhma19arhk8s6ega1tdf.auto.internal",
            "hostname": "fhma19arhk8s6ega1tdf",
            "id": "fhma19arhk8s6ega1tdf",
            "labels": {
              "tags": "node-2"
            },
            "metadata": {
              "ssh-keys": "ubuntu:ssh-rsa AAAAB3NzaC1yc2EAAAADAQABAAABgQDHAoTCGQC5bH1ckNeFQrUs9ZJR1w4XkvhULm8YVEIFVG4Ek/F2SRj9P3Wxa1hcodc9i1aExZ2tTkEQGMlPxLqarqPJPVCKLZa1Ntc7sIQ5YULxoe4LXufpGgu8vKZEc1LAipnao9YnCcSq1vsQfFRyvcmE/ASuDlCI6Y2n0EAqQGRLsNJSMwXE5ibmu0M4fH3WUeUnorqpZh5S/u7FHv/o9DcsJKwBSdfcczvmcqCAdIVWKTz1f6Of6Kcma/Vri+lj8pyTFavIael619eUs3W4GFThhDbkECEzN6Xf94Se/wSTYLdiTX9PrI6DzWwSyEb/+8W7y3rCJ9pvCaO7aPILjnWkYaiXX68egdfnlloRQq3GwMcOtuAFswKUkl4FY+PKUu4SpAOgzR6VadSPXdDRu2ihWOSTK7T+8XKi69+uYcA9WdsAfxCITlw69y1pYT0nXwAsdloQ6qlaguhp1XwPiTQbITiYlY2O2kzBfgdUjaLeZwTzONiJDWd53AiOySU= appuser\n"
            },
            "name": "node-2",
            "network_acceleration_type": "standard",
            "network_interface": [
              {
                "index": 0,
                "ip_address": "10.128.0.5",
                "ipv4": true,
                "ipv6": false,
                "ipv6_address": "",
                "mac_address": "d0:0d:a0:a5:5b:8d",
                "nat": true,
                "nat_ip_address": "84.201.158.70",
                "nat_ip_version": "IPV4",
                "security_group_ids": [],
                "subnet_id": "e9bfm3n7gsurqahr8cv9"
              }
            ],
            "placement_policy": [
              {
                "placement_group_id": ""
              }
            ],
            "platform_id": "standard-v1",
            "resources": [
              {
                "core_fraction": 5,
                "cores": 4,
                "gpus": 0,
                "memory": 4
              }
            ],
            "scheduling_policy": [
              {
                "preemptible": false
              }
            ],
            "secondary_disk": [],
            "service_account_id": "",
            "status": "running",
            "timeouts": null,
            "zone": "ru-central1-a"
          },
          "private": "eyJlMmJmYjczMC1lY2FhLTExZTYtOGY4OC0zNDM2M2JjN2M0YzAiOnsiY3JlYXRlIjozMDAwMDAwMDAwMDAsImRlbGV0ZSI6MzAwMDAwMDAwMDAwLCJ1cGRhdGUiOjMwMDAwMDAwMDAwMH0sInNjaGVtYV92ZXJzaW9uIjoiMSJ9"
        }
      ]
    }
  ]
}
