{
  "version": 4,
  "terraform_version": "0.12.8",
  "serial": 41,
  "lineage": "397ea01b-b656-6f29-2eca-b2ca0f634d95",
  "outputs": {},
  "resources": [
    {
      "module": "module.cluster",
      "mode": "managed",
      "type": "yandex_kubernetes_cluster",
      "name": "cluster",
      "provider": "provider.yandex",
      "instances": [
        {
          "status": "tainted",
          "schema_version": 0,
          "attributes": {
            "cluster_ipv4_range": null,
            "created_at": null,
            "description": null,
            "folder_id": null,
            "health": null,
            "id": "catkps11e3edg2vinni3",
            "kms_provider": [],
            "labels": null,
            "master": [
              {
                "cluster_ca_certificate": "",
                "external_v4_address": "",
                "external_v4_endpoint": "",
                "internal_v4_address": "",
                "internal_v4_endpoint": "",
                "maintenance_policy": [
                  {
                    "auto_upgrade": true,
                    "maintenance_window": []
                  }
                ],
                "public_ip": true,
                "regional": [],
                "security_group_ids": null,
                "version": "1.19",
                "version_info": [],
                "zonal": [
                  {
                    "subnet_id": "e9bfm3n7gsurqahr8cv9",
                    "zone": "ru-central1-a"
                  }
                ]
              }
            ],
            "name": "test-cluster",
            "network_id": "enp180349dur0c91dusq",
            "network_policy_provider": "CALICO",
            "node_ipv4_cidr_mask_size": 24,
            "node_service_account_id": "ajekp58r4rda8hoap39p",
            "release_channel": "RAPID",
            "service_account_id": "ajekp58r4rda8hoap39p",
            "service_ipv4_range": null,
            "status": null,
            "timeouts": null
          },
          "private": "eyJlMmJmYjczMC1lY2FhLTExZTYtOGY4OC0zNDM2M2JjN2M0YzAiOnsiY3JlYXRlIjoxODAwMDAwMDAwMDAwLCJkZWxldGUiOjEyMDAwMDAwMDAwMDAsInJlYWQiOjMwMDAwMDAwMDAwMCwidXBkYXRlIjoxODAwMDAwMDAwMDAwfX0="
        }
      ]
    },
    {
      "module": "module.node",
      "mode": "managed",
      "type": "yandex_kubernetes_node_group",
      "name": "node",
      "provider": "provider.yandex",
      "instances": []
    }
  ]
}
