{
  "version": 4,
  "terraform_version": "0.12.8",
  "serial": 44,
  "lineage": "397ea01b-b656-6f29-2eca-b2ca0f634d95",
  "outputs": {},
  "resources": [
    {
      "module": "module.cluster",
      "mode": "managed",
      "type": "yandex_kubernetes_cluster",
      "name": "cluster",
      "provider": "provider.yandex",
      "instances": [
        {
          "schema_version": 0,
          "attributes": {
            "cluster_ipv4_range": "10.112.0.0/16",
            "created_at": "2021-07-13T09:04:26Z",
            "description": "",
            "folder_id": "b1gk3tej11gvdbgqdphj",
            "health": "healthy",
            "id": "catsbptp920r52ft944k",
            "kms_provider": [],
            "labels": {},
            "master": [
              {
                "cluster_ca_certificate": "-----BEGIN CERTIFICATE-----\nMIIC5zCCAc+gAwIBAgIBADANBgkqhkiG9w0BAQsFADAVMRMwEQYDVQQDEwprdWJl\ncm5ldGVzMB4XDTIxMDcxMzA5MDQzOFoXDTMxMDcxMTA5MDQzOFowFTETMBEGA1UE\nAxMKa3ViZXJuZXRlczCCASIwDQYJKoZIhvcNAQEBBQADggEPADCCAQoCggEBAKwI\nbHtXYsBMiWFzH3lyomDH4HOgR2qJEjLPyZpEHoXLw5Hk8Fw1NFfCNZJqdMf2vaLi\nIjNL66TmIJwPUQDwfEqvHtqKuEBnHxxF62QWdd7tYYN+flBZ2Rq9VremTFV6EvFT\nWJincHkw89SYmikfOWUDHX39Q2gQQuj/GrDNqZN4B/jiuQ42QjDUz627uO2JxDhG\nHrhB17pJbJOAwOdZs5omzb+wrYpkH/Iu7mmCQ6fC5iijjSZkQJ9Of5/KlkDSPwET\nucFiWA64HZ8c61WFoE1C5WFYjyiENz7wRnwHqsGWXFKxpM3XkCHj+UrH8rJbfrOA\n+dFfVpYNsbxWXCi6BAsCAwEAAaNCMEAwDgYDVR0PAQH/BAQDAgKkMA8GA1UdEwEB\n/wQFMAMBAf8wHQYDVR0OBBYEFNpVt3/oXe45v6DfSI1J3JNRIVoyMA0GCSqGSIb3\nDQEBCwUAA4IBAQCiwY4up0Q7k8DuiY/4Ii/0Y0fSDvzvXmu90HVYqhiYtY4DQgTo\nrPmHsiKUCA66xnD+qo5Lg8VfH0YBFl0if1IgOuhTeJ7nAcMavnhZV7gXduq7NK6A\noeiEyOA9ohADmRdWkbs4Uf6wNb4bxZenq87e3LkhdzEWooLHngp9fa6dxv2EL4nM\nUAtBLIszkIwRyeUpNiKKwdV9AR+RqEbs9ilPRLLtr9AeODx5FbTYgRIbJAPfXLaJ\n1efYsgb/AlyeBq+EqDl4kHK//I9tvbeclG8vSYJ+ocYniuwutEp21kXEutr5+znj\nNkxAbnh8P33hks+Zxh4U1OelDC2memgqk7dh\n-----END CERTIFICATE-----\n",
                "external_v4_address": "178.154.255.22",
                "external_v4_endpoint": "https://178.154.255.22",
                "internal_v4_address": "10.128.0.12",
                "internal_v4_endpoint": "https://10.128.0.12",
                "maintenance_policy": [
                  {
                    "auto_upgrade": true,
                    "maintenance_window": []
                  }
                ],
                "public_ip": true,
                "regional": [],
                "security_group_ids": null,
                "version": "1.19",
                "version_info": [
                  {
                    "current_version": "1.19",
                    "new_revision_available": false,
                    "new_revision_summary": "",
                    "version_deprecated": false
                  }
                ],
                "zonal": [
                  {
                    "subnet_id": "e9bfm3n7gsurqahr8cv9",
                    "zone": "ru-central1-a"
                  }
                ]
              }
            ],
            "name": "test-cluster",
            "network_id": "enp180349dur0c91dusq",
            "network_policy_provider": "CALICO",
            "node_ipv4_cidr_mask_size": 24,
            "node_service_account_id": "ajekp58r4rda8hoap39p",
            "release_channel": "RAPID",
            "service_account_id": "ajekp58r4rda8hoap39p",
            "service_ipv4_range": "10.96.0.0/16",
            "status": "running",
            "timeouts": null
          },
          "private": "eyJlMmJmYjczMC1lY2FhLTExZTYtOGY4OC0zNDM2M2JjN2M0YzAiOnsiY3JlYXRlIjoxODAwMDAwMDAwMDAwLCJkZWxldGUiOjEyMDAwMDAwMDAwMDAsInJlYWQiOjMwMDAwMDAwMDAwMCwidXBkYXRlIjoxODAwMDAwMDAwMDAwfX0="
        }
      ]
    },
    {
      "module": "module.node",
      "mode": "managed",
      "type": "yandex_kubernetes_node_group",
      "name": "node",
      "provider": "provider.yandex",
      "instances": [
        {
          "schema_version": 0,
          "attributes": {
            "allocation_policy": [
              {
                "location": [
                  {
                    "subnet_id": "e9bfm3n7gsurqahr8cv9",
                    "zone": "ru-central1-a"
                  }
                ]
              }
            ],
            "allowed_unsafe_sysctls": null,
            "cluster_id": "catsbptp920r52ft944k",
            "created_at": "2021-07-13T09:13:33Z",
            "deploy_policy": [
              {
                "max_expansion": 3,
                "max_unavailable": 0
              }
            ],
            "description": "",
            "id": "catlptv9cnhv7qgfs3a6",
            "instance_group_id": "cl1p58l9dr68b6ah3tnf",
            "instance_template": [
              {
                "boot_disk": [
                  {
                    "size": 64,
                    "type": "network-ssd"
                  }
                ],
                "metadata": {
                  "ssh-keys": "ubuntu:ssh-rsa AAAAB3NzaC1yc2EAAAADAQABAAABgQDHAoTCGQC5bH1ckNeFQrUs9ZJR1w4XkvhULm8YVEIFVG4Ek/F2SRj9P3Wxa1hcodc9i1aExZ2tTkEQGMlPxLqarqPJPVCKLZa1Ntc7sIQ5YULxoe4LXufpGgu8vKZEc1LAipnao9YnCcSq1vsQfFRyvcmE/ASuDlCI6Y2n0EAqQGRLsNJSMwXE5ibmu0M4fH3WUeUnorqpZh5S/u7FHv/o9DcsJKwBSdfcczvmcqCAdIVWKTz1f6Of6Kcma/Vri+lj8pyTFavIael619eUs3W4GFThhDbkECEzN6Xf94Se/wSTYLdiTX9PrI6DzWwSyEb/+8W7y3rCJ9pvCaO7aPILjnWkYaiXX68egdfnlloRQq3GwMcOtuAFswKUkl4FY+PKUu4SpAOgzR6VadSPXdDRu2ihWOSTK7T+8XKi69+uYcA9WdsAfxCITlw69y1pYT0nXwAsdloQ6qlaguhp1XwPiTQbITiYlY2O2kzBfgdUjaLeZwTzONiJDWd53AiOySU= appuser\n"
                },
                "nat": true,
                "network_interface": [
                  {
                    "nat": true,
                    "security_group_ids": null,
                    "subnet_ids": [
                      "e9bfm3n7gsurqahr8cv9"
                    ]
                  }
                ],
                "platform_id": "standard-v2",
                "resources": [
                  {
                    "core_fraction": 100,
                    "cores": 4,
                    "gpus": 0,
                    "memory": 8
                  }
                ],
                "scheduling_policy": [
                  {
                    "preemptible": true
                  }
                ]
              }
            ],
            "labels": {},
            "maintenance_policy": [
              {
                "auto_repair": true,
                "auto_upgrade": true,
                "maintenance_window": []
              }
            ],
            "name": "node-group",
            "node_labels": null,
            "node_taints": null,
            "scale_policy": [
              {
                "auto_scale": [],
                "fixed_scale": [
                  {
                    "size": 3
                  }
                ]
              }
            ],
            "status": "running",
            "timeouts": null,
            "version": "1.19",
            "version_info": [
              {
                "current_version": "1.19",
                "new_revision_available": false,
                "new_revision_summary": "",
                "version_deprecated": false
              }
            ]
          },
          "private": "eyJlMmJmYjczMC1lY2FhLTExZTYtOGY4OC0zNDM2M2JjN2M0YzAiOnsiY3JlYXRlIjozNjAwMDAwMDAwMDAwLCJkZWxldGUiOjEyMDAwMDAwMDAwMDAsInJlYWQiOjYwMDAwMDAwMDAwMCwidXBkYXRlIjozNjAwMDAwMDAwMDAwfX0="
        }
      ]
    }
  ]
}
