{
  "version": 4,
  "terraform_version": "0.12.8",
  "serial": 40,
  "lineage": "397ea01b-b656-6f29-2eca-b2ca0f634d95",
  "outputs": {},
  "resources": [
    {
      "module": "module.cluster",
      "mode": "managed",
      "type": "yandex_kubernetes_cluster",
      "name": "cluster",
      "provider": "provider.yandex",
      "instances": [
        {
          "schema_version": 0,
          "attributes": {
            "cluster_ipv4_range": "10.112.0.0/16",
            "created_at": "2021-07-09T09:38:45Z",
            "description": "",
            "folder_id": "b1gk3tej11gvdbgqdphj",
            "health": "healthy",
            "id": "catl4reqb0o9l5mpai9u",
            "kms_provider": [],
            "labels": {},
            "master": [
              {
                "cluster_ca_certificate": "-----BEGIN CERTIFICATE-----\nMIIC5zCCAc+gAwIBAgIBADANBgkqhkiG9w0BAQsFADAVMRMwEQYDVQQDEwprdWJl\ncm5ldGVzMB4XDTIxMDcwOTA5Mzg1N1oXDTMxMDcwNzA5Mzg1N1owFTETMBEGA1UE\nAxMKa3ViZXJuZXRlczCCASIwDQYJKoZIhvcNAQEBBQADggEPADCCAQoCggEBALQo\nxl958NFOQCdG5HzVqfIrw+pTwbt+eH9wBeUFbrQv1giJHLi8nq2kN8OwVXn5ax+g\npO4XEtEmlqnlTdzv7Y9Ta+5I+IuUkWt+8OMt0EN6kIN4mFlpxbPczpL5PGTOnmS+\nXKWz4NXd+GZzLyQ9u+yNpQqLlU3t4zfG3LnEYtujjL25XFR5miU2jowPzqKbQw1J\ntwqSS1BKPZHI6/VBD7lnXUCfrRvkHDbhbwGSSARjgkDIHPhlqySrcOsShiNyT1us\nCjYe0CPdItylkA+VcyLdj9rqrJePMxkjRb+vVK+QDQlqWBtGQOAv3PoH/iumXMBc\n4e7f1CtA6uvHyx3p5TECAwEAAaNCMEAwDgYDVR0PAQH/BAQDAgKkMA8GA1UdEwEB\n/wQFMAMBAf8wHQYDVR0OBBYEFFgMyvGbuhH5d7JXxRkjOxzcwgBWMA0GCSqGSIb3\nDQEBCwUAA4IBAQAsoXwbmeBaVKA9JwC5I9RiU/V9cz8Vi+9KG9dfJ57PEXgx01cm\nWDgRfCcmVZs5ptciLYduu+2yQ4pHZ9B6Af6vZ9aNi7Nt0sW8Mq+q7qLeHOr6COtF\n3sUQhAg1EaV2lopV9FP/HLXXpkGDayrvV1SoF+JzxxF3iOi9BkLrrglNdCprz7/w\nF4cbv0d2CKuHCF4PF9LZTPV62msSO50IcdRer6+P0m1UYum+aKKI8QyDJHwMgvDx\nguo6Kvpiucw5Y7HT3kQ8HiyX8aKpVanlN8yXuqTmA1EN9ilRVQP3OAvdVI/EhUzc\nfiTuiPHE9wJZLRC/kIWXDnRDsCMK49s/OSUm\n-----END CERTIFICATE-----\n",
                "external_v4_address": "178.154.240.139",
                "external_v4_endpoint": "https://178.154.240.139",
                "internal_v4_address": "10.128.0.33",
                "internal_v4_endpoint": "https://10.128.0.33",
                "maintenance_policy": [
                  {
                    "auto_upgrade": true,
                    "maintenance_window": []
                  }
                ],
                "public_ip": true,
                "regional": [],
                "security_group_ids": null,
                "version": "1.19",
                "version_info": [
                  {
                    "current_version": "1.19",
                    "new_revision_available": false,
                    "new_revision_summary": "",
                    "version_deprecated": false
                  }
                ],
                "zonal": [
                  {
                    "subnet_id": "e9bfm3n7gsurqahr8cv9",
                    "zone": "ru-central1-a"
                  }
                ]
              }
            ],
            "name": "test-cluster",
            "network_id": "enp180349dur0c91dusq",
            "network_policy_provider": "CALICO",
            "node_ipv4_cidr_mask_size": 24,
            "node_service_account_id": "ajekp58r4rda8hoap39p",
            "release_channel": "RAPID",
            "service_account_id": "ajekp58r4rda8hoap39p",
            "service_ipv4_range": "10.96.0.0/16",
            "status": "running",
            "timeouts": null
          },
          "private": "eyJlMmJmYjczMC1lY2FhLTExZTYtOGY4OC0zNDM2M2JjN2M0YzAiOnsiY3JlYXRlIjoxODAwMDAwMDAwMDAwLCJkZWxldGUiOjEyMDAwMDAwMDAwMDAsInJlYWQiOjMwMDAwMDAwMDAwMCwidXBkYXRlIjoxODAwMDAwMDAwMDAwfX0="
        }
      ]
    },
    {
      "module": "module.node",
      "mode": "managed",
      "type": "yandex_kubernetes_node_group",
      "name": "node",
      "provider": "provider.yandex",
      "instances": [
        {
          "schema_version": 0,
          "attributes": {
            "allocation_policy": [
              {
                "location": [
                  {
                    "subnet_id": "e9bfm3n7gsurqahr8cv9",
                    "zone": "ru-central1-a"
                  }
                ]
              }
            ],
            "allowed_unsafe_sysctls": null,
            "cluster_id": "catl4reqb0o9l5mpai9u",
            "created_at": "2021-07-09T09:49:05Z",
            "deploy_policy": [
              {
                "max_expansion": 3,
                "max_unavailable": 0
              }
            ],
            "description": "",
            "id": "catpnvm3luirpu6m50u4",
            "instance_group_id": "cl12ljqn69o15hg1j8vh",
            "instance_template": [
              {
                "boot_disk": [
                  {
                    "size": 64,
                    "type": "network-ssd"
                  }
                ],
                "metadata": {
                  "ssh-keys": "ubuntu:ssh-rsa AAAAB3NzaC1yc2EAAAADAQABAAABgQDHAoTCGQC5bH1ckNeFQrUs9ZJR1w4XkvhULm8YVEIFVG4Ek/F2SRj9P3Wxa1hcodc9i1aExZ2tTkEQGMlPxLqarqPJPVCKLZa1Ntc7sIQ5YULxoe4LXufpGgu8vKZEc1LAipnao9YnCcSq1vsQfFRyvcmE/ASuDlCI6Y2n0EAqQGRLsNJSMwXE5ibmu0M4fH3WUeUnorqpZh5S/u7FHv/o9DcsJKwBSdfcczvmcqCAdIVWKTz1f6Of6Kcma/Vri+lj8pyTFavIael619eUs3W4GFThhDbkECEzN6Xf94Se/wSTYLdiTX9PrI6DzWwSyEb/+8W7y3rCJ9pvCaO7aPILjnWkYaiXX68egdfnlloRQq3GwMcOtuAFswKUkl4FY+PKUu4SpAOgzR6VadSPXdDRu2ihWOSTK7T+8XKi69+uYcA9WdsAfxCITlw69y1pYT0nXwAsdloQ6qlaguhp1XwPiTQbITiYlY2O2kzBfgdUjaLeZwTzONiJDWd53AiOySU= appuser\n"
                },
                "nat": true,
                "network_interface": [
                  {
                    "nat": true,
                    "security_group_ids": null,
                    "subnet_ids": [
                      "e9bfm3n7gsurqahr8cv9"
                    ]
                  }
                ],
                "platform_id": "standard-v2",
                "resources": [
                  {
                    "core_fraction": 100,
                    "cores": 4,
                    "gpus": 0,
                    "memory": 8
                  }
                ],
                "scheduling_policy": [
                  {
                    "preemptible": true
                  }
                ]
              }
            ],
            "labels": {},
            "maintenance_policy": [
              {
                "auto_repair": true,
                "auto_upgrade": true,
                "maintenance_window": []
              }
            ],
            "name": "node-group",
            "node_labels": null,
            "node_taints": null,
            "scale_policy": [
              {
                "auto_scale": [],
                "fixed_scale": [
                  {
                    "size": 3
                  }
                ]
              }
            ],
            "status": "running",
            "timeouts": null,
            "version": "1.19",
            "version_info": [
              {
                "current_version": "1.19",
                "new_revision_available": false,
                "new_revision_summary": "",
                "version_deprecated": false
              }
            ]
          },
          "private": "eyJlMmJmYjczMC1lY2FhLTExZTYtOGY4OC0zNDM2M2JjN2M0YzAiOnsiY3JlYXRlIjozNjAwMDAwMDAwMDAwLCJkZWxldGUiOjEyMDAwMDAwMDAwMDAsInJlYWQiOjYwMDAwMDAwMDAwMCwidXBkYXRlIjozNjAwMDAwMDAwMDAwfX0="
        }
      ]
    }
  ]
}
